
Microsoft Visual Studio Solution File, Format Version 12.00
# Visual Studio 15
VisualStudioVersion = 15.0.26124.0
MinimumVisualStudioVersion = 15.0.26124.0
Project("{FAE04EC0-301F-11D3-BF4B-00C04F79EFBC}") = "RU.WebServices.SecretService.API", "RU.WebServices.SecretService.API\RU.WebServices.SecretService.API.csproj", "{F5050F80-D38A-4F91-B247-5847B66B83DF}"
EndProject
Project("{FAE04EC0-301F-11D3-BF4B-00C04F79EFBC}") = "RU.WebServices.SecretService.Services", "RU.WebServices.SecretService.Services\RU.WebServices.SecretService.Services.csproj", "{FE39FCAD-57F1-4B50-8A55-0D81FAA04D65}"
EndProject
Project("{FAE04EC0-301F-11D3-BF4B-00C04F79EFBC}") = "RU.WebServices.SecretService.Repositories", "RU.WebServices.SecretService.Repositories\RU.WebServices.SecretService.Repositories.csproj", "{45B68889-7F06-4037-B5D7-6DED5E9B462F}"
EndProject
Project("{FAE04EC0-301F-11D3-BF4B-00C04F79EFBC}") = "RU.WebServices.SecretService.Models", "RU.WebServices.SecretService.Models\RU.WebServices.SecretService.Models.csproj", "{FA42614E-D01A-4F90-BFEB-DCB3499BB61A}"
EndProject
Global
	GlobalSection(SolutionConfigurationPlatforms) = preSolution
		Debug|Any CPU = Debug|Any CPU
		Debug|x64 = Debug|x64
		Debug|x86 = Debug|x86
		Release|Any CPU = Release|Any CPU
		Release|x64 = Release|x64
		Release|x86 = Release|x86
	EndGlobalSection
	GlobalSection(SolutionProperties) = preSolution
		HideSolutionNode = FALSE
	EndGlobalSection
	GlobalSection(ProjectConfigurationPlatforms) = postSolution
		{F5050F80-D38A-4F91-B247-5847B66B83DF}.Debug|Any CPU.ActiveCfg = Debug|Any CPU
		{F5050F80-D38A-4F91-B247-5847B66B83DF}.Debug|Any CPU.Build.0 = Debug|Any CPU
		{F5050F80-D38A-4F91-B247-5847B66B83DF}.Debug|x64.ActiveCfg = Debug|Any CPU
		{F5050F80-D38A-4F91-B247-5847B66B83DF}.Debug|x64.Build.0 = Debug|Any CPU
		{F5050F80-D38A-4F91-B247-5847B66B83DF}.Debug|x86.ActiveCfg = Debug|Any CPU
		{F5050F80-D38A-4F91-B247-5847B66B83DF}.Debug|x86.Build.0 = Debug|Any CPU
		{F5050F80-D38A-4F91-B247-5847B66B83DF}.Release|Any CPU.ActiveCfg = Release|Any CPU
		{F5050F80-D38A-4F91-B247-5847B66B83DF}.Release|Any CPU.Build.0 = Release|Any CPU
		{F5050F80-D38A-4F91-B247-5847B66B83DF}.Release|x64.ActiveCfg = Release|Any CPU
		{F5050F80-D38A-4F91-B247-5847B66B83DF}.Release|x64.Build.0 = Release|Any CPU
		{F5050F80-D38A-4F91-B247-5847B66B83DF}.Release|x86.ActiveCfg = Release|Any CPU
		{F5050F80-D38A-4F91-B247-5847B66B83DF}.Release|x86.Build.0 = Release|Any CPU
		{FE39FCAD-57F1-4B50-8A55-0D81FAA04D65}.Debug|Any CPU.ActiveCfg = Debug|Any CPU
		{FE39FCAD-57F1-4B50-8A55-0D81FAA04D65}.Debug|Any CPU.Build.0 = Debug|Any CPU
		{FE39FCAD-57F1-4B50-8A55-0D81FAA04D65}.Debug|x64.ActiveCfg = Debug|Any CPU
		{FE39FCAD-57F1-4B50-8A55-0D81FAA04D65}.Debug|x64.Build.0 = Debug|Any CPU
		{FE39FCAD-57F1-4B50-8A55-0D81FAA04D65}.Debug|x86.ActiveCfg = Debug|Any CPU
		{FE39FCAD-57F1-4B50-8A55-0D81FAA04D65}.Debug|x86.Build.0 = Debug|Any CPU
		{FE39FCAD-57F1-4B50-8A55-0D81FAA04D65}.Release|Any CPU.ActiveCfg = Release|Any CPU
		{FE39FCAD-57F1-4B50-8A55-0D81FAA04D65}.Release|Any CPU.Build.0 = Release|Any CPU
		{FE39FCAD-57F1-4B50-8A55-0D81FAA04D65}.Release|x64.ActiveCfg = Release|Any CPU
		{FE39FCAD-57F1-4B50-8A55-0D81FAA04D65}.Release|x64.Build.0 = Release|Any CPU
		{FE39FCAD-57F1-4B50-8A55-0D81FAA04D65}.Release|x86.ActiveCfg = Release|Any CPU
		{FE39FCAD-57F1-4B50-8A55-0D81FAA04D65}.Release|x86.Build.0 = Release|Any CPU
		{45B68889-7F06-4037-B5D7-6DED5E9B462F}.Debug|Any CPU.ActiveCfg = Debug|Any CPU
		{45B68889-7F06-4037-B5D7-6DED5E9B462F}.Debug|Any CPU.Build.0 = Debug|Any CPU
		{45B68889-7F06-4037-B5D7-6DED5E9B462F}.Debug|x64.ActiveCfg = Debug|Any CPU
		{45B68889-7F06-4037-B5D7-6DED5E9B462F}.Debug|x64.Build.0 = Debug|Any CPU
		{45B68889-7F06-4037-B5D7-6DED5E9B462F}.Debug|x86.ActiveCfg = Debug|Any CPU
		{45B68889-7F06-4037-B5D7-6DED5E9B462F}.Debug|x86.Build.0 = Debug|Any CPU
		{45B68889-7F06-4037-B5D7-6DED5E9B462F}.Release|Any CPU.ActiveCfg = Release|Any CPU
		{45B68889-7F06-4037-B5D7-6DED5E9B462F}.Release|Any CPU.Build.0 = Release|Any CPU
		{45B68889-7F06-4037-B5D7-6DED5E9B462F}.Release|x64.ActiveCfg = Release|Any CPU
		{45B68889-7F06-4037-B5D7-6DED5E9B462F}.Release|x64.Build.0 = Release|Any CPU
		{45B68889-7F06-4037-B5D7-6DED5E9B462F}.Release|x86.ActiveCfg = Release|Any CPU
		{45B68889-7F06-4037-B5D7-6DED5E9B462F}.Release|x86.Build.0 = Release|Any CPU
		{FA42614E-D01A-4F90-BFEB-DCB3499BB61A}.Debug|Any CPU.ActiveCfg = Debug|Any CPU
		{FA42614E-D01A-4F90-BFEB-DCB3499BB61A}.Debug|Any CPU.Build.0 = Debug|Any CPU
		{FA42614E-D01A-4F90-BFEB-DCB3499BB61A}.Debug|x64.ActiveCfg = Debug|Any CPU
		{FA42614E-D01A-4F90-BFEB-DCB3499BB61A}.Debug|x64.Build.0 = Debug|Any CPU
		{FA42614E-D01A-4F90-BFEB-DCB3499BB61A}.Debug|x86.ActiveCfg = Debug|Any CPU
		{FA42614E-D01A-4F90-BFEB-DCB3499BB61A}.Debug|x86.Build.0 = Debug|Any CPU
		{FA42614E-D01A-4F90-BFEB-DCB3499BB61A}.Release|Any CPU.ActiveCfg = Release|Any CPU
		{FA42614E-D01A-4F90-BFEB-DCB3499BB61A}.Release|Any CPU.Build.0 = Release|Any CPU
		{FA42614E-D01A-4F90-BFEB-DCB3499BB61A}.Release|x64.ActiveCfg = Release|Any CPU
		{FA42614E-D01A-4F90-BFEB-DCB3499BB61A}.Release|x64.Build.0 = Release|Any CPU
		{FA42614E-D01A-4F90-BFEB-DCB3499BB61A}.Release|x86.ActiveCfg = Release|Any CPU
		{FA42614E-D01A-4F90-BFEB-DCB3499BB61A}.Release|x86.Build.0 = Release|Any CPU
	EndGlobalSection
EndGlobal
