
Microsoft Visual Studio Solution File, Format Version 12.00
# Visual Studio Version 17
VisualStudioVersion = 17.0.31903.59
MinimumVisualStudioVersion = 10.0.40219.1
Project("{FAE04EC0-301F-11D3-BF4B-00C04F79EFBC}") = "MusicCaCaly.Models", "MusicCaCaly.Models\MusicCaCaly.Models.csproj", "{355467D8-D486-4189-A41A-45D166287948}"
EndProject
Project("{FAE04EC0-301F-11D3-BF4B-00C04F79EFBC}") = "MusicCaCaly.Repositories", "MusicCaCaly.Repositories\MusicCaCaly.Repositories.csproj", "{045484DF-93BF-48DA-BD5F-462C89CE45F0}"
EndProject
Project("{FAE04EC0-301F-11D3-BF4B-00C04F79EFBC}") = "MusicCaCaly.Services", "MusicCaCaly.Services\MusicCaCaly.Services.csproj", "{652DF2B1-3386-4B03-A925-E8BBDC7444F3}"
EndProject
Project("{FAE04EC0-301F-11D3-BF4B-00C04F79EFBC}") = "MusicCaCaly.WebApi", "MusicCaCaly.WebApi\MusicCaCaly.WebApi.csproj", "{52403105-4F16-47EE-B35F-EBAD61138C82}"
EndProject
Global
	GlobalSection(SolutionConfigurationPlatforms) = preSolution
		Debug|Any CPU = Debug|Any CPU
		Release|Any CPU = Release|Any CPU
	EndGlobalSection
	GlobalSection(SolutionProperties) = preSolution
		HideSolutionNode = FALSE
	EndGlobalSection
	GlobalSection(ProjectConfigurationPlatforms) = postSolution
		{355467D8-D486-4189-A41A-45D166287948}.Debug|Any CPU.ActiveCfg = Debug|Any CPU
		{355467D8-D486-4189-A41A-45D166287948}.Debug|Any CPU.Build.0 = Debug|Any CPU
		{355467D8-D486-4189-A41A-45D166287948}.Release|Any CPU.ActiveCfg = Release|Any CPU
		{355467D8-D486-4189-A41A-45D166287948}.Release|Any CPU.Build.0 = Release|Any CPU
		{045484DF-93BF-48DA-BD5F-462C89CE45F0}.Debug|Any CPU.ActiveCfg = Debug|Any CPU
		{045484DF-93BF-48DA-BD5F-462C89CE45F0}.Debug|Any CPU.Build.0 = Debug|Any CPU
		{045484DF-93BF-48DA-BD5F-462C89CE45F0}.Release|Any CPU.ActiveCfg = Release|Any CPU
		{045484DF-93BF-48DA-BD5F-462C89CE45F0}.Release|Any CPU.Build.0 = Release|Any CPU
		{652DF2B1-3386-4B03-A925-E8BBDC7444F3}.Debug|Any CPU.ActiveCfg = Debug|Any CPU
		{652DF2B1-3386-4B03-A925-E8BBDC7444F3}.Debug|Any CPU.Build.0 = Debug|Any CPU
		{652DF2B1-3386-4B03-A925-E8BBDC7444F3}.Release|Any CPU.ActiveCfg = Release|Any CPU
		{652DF2B1-3386-4B03-A925-E8BBDC7444F3}.Release|Any CPU.Build.0 = Release|Any CPU
		{52403105-4F16-47EE-B35F-EBAD61138C82}.Debug|Any CPU.ActiveCfg = Debug|Any CPU
		{52403105-4F16-47EE-B35F-EBAD61138C82}.Debug|Any CPU.Build.0 = Debug|Any CPU
		{52403105-4F16-47EE-B35F-EBAD61138C82}.Release|Any CPU.ActiveCfg = Release|Any CPU
		{52403105-4F16-47EE-B35F-EBAD61138C82}.Release|Any CPU.Build.0 = Release|Any CPU
	EndGlobalSection
EndGlobal
