
Microsoft Visual Studio Solution File, Format Version 12.00
# Visual Studio Version 16
VisualStudioVersion = 16.0.30114.105
MinimumVisualStudioVersion = 10.0.40219.1
Project("{FAE04EC0-301F-11D3-BF4B-00C04F79EFBC}") = "Veft.Software.RentAWorld.Api", "Veft.Software.RentAWorld.Api\Veft.Software.RentAWorld.Api.csproj", "{5083C390-C2F6-4C9E-BD5F-7B97EA647CC4}"
EndProject
Project("{FAE04EC0-301F-11D3-BF4B-00C04F79EFBC}") = "Veft.Software.RentAWorld.Models", "Veft.Software.RentAWorld.Models\Veft.Software.RentAWorld.Models.csproj", "{934E3233-C775-4BF0-83BB-520605BF407F}"
EndProject
Project("{FAE04EC0-301F-11D3-BF4B-00C04F79EFBC}") = "Veft.Software.RentAWorld.Repositories", "Veft.Software.RentAWorld.Repositories\Veft.Software.RentAWorld.Repositories.csproj", "{CBA14BE8-AFF0-4283-9B28-CCD524FEE1FE}"
EndProject
Project("{FAE04EC0-301F-11D3-BF4B-00C04F79EFBC}") = "Veft.Software.RentAWorld.Services", "Veft.Software.RentAWorld.Services\Veft.Software.RentAWorld.Services.csproj", "{B8C60864-6350-416F-88A8-C46E923404A4}"
EndProject
Global
	GlobalSection(SolutionConfigurationPlatforms) = preSolution
		Debug|Any CPU = Debug|Any CPU
		Release|Any CPU = Release|Any CPU
	EndGlobalSection
	GlobalSection(SolutionProperties) = preSolution
		HideSolutionNode = FALSE
	EndGlobalSection
	GlobalSection(ProjectConfigurationPlatforms) = postSolution
		{5083C390-C2F6-4C9E-BD5F-7B97EA647CC4}.Debug|Any CPU.ActiveCfg = Debug|Any CPU
		{5083C390-C2F6-4C9E-BD5F-7B97EA647CC4}.Debug|Any CPU.Build.0 = Debug|Any CPU
		{5083C390-C2F6-4C9E-BD5F-7B97EA647CC4}.Release|Any CPU.ActiveCfg = Release|Any CPU
		{5083C390-C2F6-4C9E-BD5F-7B97EA647CC4}.Release|Any CPU.Build.0 = Release|Any CPU
		{934E3233-C775-4BF0-83BB-520605BF407F}.Debug|Any CPU.ActiveCfg = Debug|Any CPU
		{934E3233-C775-4BF0-83BB-520605BF407F}.Debug|Any CPU.Build.0 = Debug|Any CPU
		{934E3233-C775-4BF0-83BB-520605BF407F}.Release|Any CPU.ActiveCfg = Release|Any CPU
		{934E3233-C775-4BF0-83BB-520605BF407F}.Release|Any CPU.Build.0 = Release|Any CPU
		{CBA14BE8-AFF0-4283-9B28-CCD524FEE1FE}.Debug|Any CPU.ActiveCfg = Debug|Any CPU
		{CBA14BE8-AFF0-4283-9B28-CCD524FEE1FE}.Debug|Any CPU.Build.0 = Debug|Any CPU
		{CBA14BE8-AFF0-4283-9B28-CCD524FEE1FE}.Release|Any CPU.ActiveCfg = Release|Any CPU
		{CBA14BE8-AFF0-4283-9B28-CCD524FEE1FE}.Release|Any CPU.Build.0 = Release|Any CPU
		{B8C60864-6350-416F-88A8-C46E923404A4}.Debug|Any CPU.ActiveCfg = Debug|Any CPU
		{B8C60864-6350-416F-88A8-C46E923404A4}.Debug|Any CPU.Build.0 = Debug|Any CPU
		{B8C60864-6350-416F-88A8-C46E923404A4}.Release|Any CPU.ActiveCfg = Release|Any CPU
		{B8C60864-6350-416F-88A8-C46E923404A4}.Release|Any CPU.Build.0 = Release|Any CPU
	EndGlobalSection
EndGlobal
