
Microsoft Visual Studio Solution File, Format Version 12.00
# Visual Studio Version 17
VisualStudioVersion = 17.0.31903.59
MinimumVisualStudioVersion = 10.0.40219.1
Project("{FAE04EC0-301F-11D3-BF4B-00C04F79EFBC}") = "Veft.Software.RentAWorld.Api", "Veft.Software.RentAWorld.Api\Veft.Software.RentAWorld.Api.csproj", "{FA3B8272-1E6A-4DAE-98BB-D19CB7CDCD97}"
EndProject
Project("{FAE04EC0-301F-11D3-BF4B-00C04F79EFBC}") = "Veft.Software.RentAWorld.Models", "Veft.Software.RentAWorld.Models\Veft.Software.RentAWorld.Models.csproj", "{B6AD2031-C3DA-48BF-865B-D673F7563FF0}"
EndProject
Project("{FAE04EC0-301F-11D3-BF4B-00C04F79EFBC}") = "Veft.Software.RentAWorld.Repositories", "Veft.Software.RentAWorld.Repositories\Veft.Software.RentAWorld.Repositories.csproj", "{63BCD40B-720C-43EB-8DEE-63EF079FB59E}"
EndProject
Project("{FAE04EC0-301F-11D3-BF4B-00C04F79EFBC}") = "Veft.Software.RentAWorld.Services", "Veft.Software.RentAWorld.Services\Veft.Software.RentAWorld.Services.csproj", "{B56FB194-A1BC-4F63-9B47-71DC6A75D797}"
EndProject
Global
	GlobalSection(SolutionConfigurationPlatforms) = preSolution
		Debug|Any CPU = Debug|Any CPU
		Release|Any CPU = Release|Any CPU
	EndGlobalSection
	GlobalSection(SolutionProperties) = preSolution
		HideSolutionNode = FALSE
	EndGlobalSection
	GlobalSection(ProjectConfigurationPlatforms) = postSolution
		{FA3B8272-1E6A-4DAE-98BB-D19CB7CDCD97}.Debug|Any CPU.ActiveCfg = Debug|Any CPU
		{FA3B8272-1E6A-4DAE-98BB-D19CB7CDCD97}.Debug|Any CPU.Build.0 = Debug|Any CPU
		{FA3B8272-1E6A-4DAE-98BB-D19CB7CDCD97}.Release|Any CPU.ActiveCfg = Release|Any CPU
		{FA3B8272-1E6A-4DAE-98BB-D19CB7CDCD97}.Release|Any CPU.Build.0 = Release|Any CPU
		{B6AD2031-C3DA-48BF-865B-D673F7563FF0}.Debug|Any CPU.ActiveCfg = Debug|Any CPU
		{B6AD2031-C3DA-48BF-865B-D673F7563FF0}.Debug|Any CPU.Build.0 = Debug|Any CPU
		{B6AD2031-C3DA-48BF-865B-D673F7563FF0}.Release|Any CPU.ActiveCfg = Release|Any CPU
		{B6AD2031-C3DA-48BF-865B-D673F7563FF0}.Release|Any CPU.Build.0 = Release|Any CPU
		{63BCD40B-720C-43EB-8DEE-63EF079FB59E}.Debug|Any CPU.ActiveCfg = Debug|Any CPU
		{63BCD40B-720C-43EB-8DEE-63EF079FB59E}.Debug|Any CPU.Build.0 = Debug|Any CPU
		{63BCD40B-720C-43EB-8DEE-63EF079FB59E}.Release|Any CPU.ActiveCfg = Release|Any CPU
		{63BCD40B-720C-43EB-8DEE-63EF079FB59E}.Release|Any CPU.Build.0 = Release|Any CPU
		{B56FB194-A1BC-4F63-9B47-71DC6A75D797}.Debug|Any CPU.ActiveCfg = Debug|Any CPU
		{B56FB194-A1BC-4F63-9B47-71DC6A75D797}.Debug|Any CPU.Build.0 = Debug|Any CPU
		{B56FB194-A1BC-4F63-9B47-71DC6A75D797}.Release|Any CPU.ActiveCfg = Release|Any CPU
		{B56FB194-A1BC-4F63-9B47-71DC6A75D797}.Release|Any CPU.Build.0 = Release|Any CPU
	EndGlobalSection
EndGlobal
