
Microsoft Visual Studio Solution File, Format Version 12.00
# Visual Studio Version 17
VisualStudioVersion = 17.0.31903.59
MinimumVisualStudioVersion = 10.0.40219.1
Project("{FAE04EC0-301F-11D3-BF4B-00C04F79EFBC}") = "RU.WebServices.SecretService.API", "RU.WebServices.SecretService.API\RU.WebServices.SecretService.API.csproj", "{A8036DF3-63E1-45DE-9990-41DAB8F4AA06}"
EndProject
Project("{FAE04EC0-301F-11D3-BF4B-00C04F79EFBC}") = "RU.WebServices.SecretService.Models", "RU.WebServices.SecretService.Models\RU.WebServices.SecretService.Models.csproj", "{A7ED080B-4454-49B9-853A-55A4FDB020F7}"
EndProject
Project("{FAE04EC0-301F-11D3-BF4B-00C04F79EFBC}") = "RU.WebServices.SecretService.Repositories", "RU.WebServices.SecretService.Repositories\RU.WebServices.SecretService.Repositories.csproj", "{6A3D0025-F822-4657-8255-A530EABC5B68}"
EndProject
Project("{FAE04EC0-301F-11D3-BF4B-00C04F79EFBC}") = "RU.WebServices.SecretService.Services", "RU.WebServices.SecretService.Services\RU.WebServices.SecretService.Services.csproj", "{293D7E39-81E8-49E1-964E-4C34610E15A9}"
EndProject
Global
	GlobalSection(SolutionConfigurationPlatforms) = preSolution
		Debug|Any CPU = Debug|Any CPU
		Release|Any CPU = Release|Any CPU
	EndGlobalSection
	GlobalSection(SolutionProperties) = preSolution
		HideSolutionNode = FALSE
	EndGlobalSection
	GlobalSection(ProjectConfigurationPlatforms) = postSolution
		{A8036DF3-63E1-45DE-9990-41DAB8F4AA06}.Debug|Any CPU.ActiveCfg = Debug|Any CPU
		{A8036DF3-63E1-45DE-9990-41DAB8F4AA06}.Debug|Any CPU.Build.0 = Debug|Any CPU
		{A8036DF3-63E1-45DE-9990-41DAB8F4AA06}.Release|Any CPU.ActiveCfg = Release|Any CPU
		{A8036DF3-63E1-45DE-9990-41DAB8F4AA06}.Release|Any CPU.Build.0 = Release|Any CPU
		{A7ED080B-4454-49B9-853A-55A4FDB020F7}.Debug|Any CPU.ActiveCfg = Debug|Any CPU
		{A7ED080B-4454-49B9-853A-55A4FDB020F7}.Debug|Any CPU.Build.0 = Debug|Any CPU
		{A7ED080B-4454-49B9-853A-55A4FDB020F7}.Release|Any CPU.ActiveCfg = Release|Any CPU
		{A7ED080B-4454-49B9-853A-55A4FDB020F7}.Release|Any CPU.Build.0 = Release|Any CPU
		{6A3D0025-F822-4657-8255-A530EABC5B68}.Debug|Any CPU.ActiveCfg = Debug|Any CPU
		{6A3D0025-F822-4657-8255-A530EABC5B68}.Debug|Any CPU.Build.0 = Debug|Any CPU
		{6A3D0025-F822-4657-8255-A530EABC5B68}.Release|Any CPU.ActiveCfg = Release|Any CPU
		{6A3D0025-F822-4657-8255-A530EABC5B68}.Release|Any CPU.Build.0 = Release|Any CPU
		{293D7E39-81E8-49E1-964E-4C34610E15A9}.Debug|Any CPU.ActiveCfg = Debug|Any CPU
		{293D7E39-81E8-49E1-964E-4C34610E15A9}.Debug|Any CPU.Build.0 = Debug|Any CPU
		{293D7E39-81E8-49E1-964E-4C34610E15A9}.Release|Any CPU.ActiveCfg = Release|Any CPU
		{293D7E39-81E8-49E1-964E-4C34610E15A9}.Release|Any CPU.Build.0 = Release|Any CPU
	EndGlobalSection
EndGlobal
